{
  "name": "asp.net",
  "version": "1.0.0",
  "lockfileVersion": 1,
  "requires": true,
  "dependencies": {
    "@syncfusion/ej2-js-es5": {
      "version": "16.4.42",
      "resolved": "https://registry.npmjs.org/@syncfusion/ej2-js-es5/-/ej2-js-es5-16.4.42.tgz",
      "integrity": "sha512-/wQKkmHm5AxvYQ2qaUqimdQgpoMhTq4bxJbsN6oea1ISDvArQIZfhOKT32mBdAN9/mN7bpDdPp75toYTh2Xyjg==",
      "dev": true
    }
  }
}
